schema-version = 1

[postgres]
version = "17.11"
variant = "bookworm"
source = "docker.io/library/postgres"
digest = "sha256:051f7b7b3abdd564d5d1bd1e8c4b9c1b6e77087d1dd22020ede611c096a272e0"

# No Radius extension package is approved yet. Add one [[extension]] entry per
# exact source/version/checksum/license before changing the Containerfile.
